
Microsoft Visual Studio Solution File, Format Version 12.00
# Visual Studio Version 16
VisualStudioVersion = 16.0.32126.315
MinimumVisualStudioVersion = 10.0.40219.1
Project("{FAE04EC0-301F-11D3-BF4B-00C04F79EFBC}") = "TEST", "TEST\TEST.csproj", "{E7AF444B-D0CE-4C2B-B6B7-5064F3AC4958}"
EndProject
Global
	GlobalSection(SolutionConfigurationPlatforms) = preSolution
		Debug|Any CPU = Debug|Any CPU
		Release|Any CPU = Release|Any CPU
	EndGlobalSection
	GlobalSection(ProjectConfigurationPlatforms) = postSolution
		{E7AF444B-D0CE-4C2B-B6B7-5064F3AC4958}.Debug|Any CPU.ActiveCfg = Debug|Any CPU
		{E7AF444B-D0CE-4C2B-B6B7-5064F3AC4958}.Debug|Any CPU.Build.0 = Debug|Any CPU
		{E7AF444B-D0CE-4C2B-B6B7-5064F3AC4958}.Release|Any CPU.ActiveCfg = Release|Any CPU
		{E7AF444B-D0CE-4C2B-B6B7-5064F3AC4958}.Release|Any CPU.Build.0 = Release|Any CPU
	EndGlobalSection
	GlobalSection(SolutionProperties) = preSolution
		HideSolutionNode = FALSE
	EndGlobalSection
	GlobalSection(ExtensibilityGlobals) = postSolution
		SolutionGuid = {241BD00E-0F24-442D-90FE-24D5C4BE9331}
	EndGlobalSection
EndGlobal
